
Microsoft Visual Studio Solution File, Format Version 12.00
# Visual Studio Version 17
VisualStudioVersion = 17.8.34330.188
MinimumVisualStudioVersion = 10.0.40219.1
Project("{9A19103F-16F7-4668-BE54-9A1E7A4F7556}") = "GeneralSourceGenerator.TestConsole", "GeneralSourceGenerator.TestConsole\GeneralSourceGenerator.TestConsole.csproj", "{B490B3A0-12D2-407C-96F4-217FFB51D23E}"
EndProject
Project("{9A19103F-16F7-4668-BE54-9A1E7A4F7556}") = "GeneralSourceGenerator", "GeneralSourceGenerator\GeneralSourceGenerator.csproj", "{B86872E3-3B08-489D-8AA3-1A4D04305609}"
EndProject
Project("{9A19103F-16F7-4668-BE54-9A1E7A4F7556}") = "GeneralSourceGenerator.NugetTest", "GeneralSourceGenerator.NugetTest\GeneralSourceGenerator.NugetTest.csproj", "{409396C0-FC0A-4EE0-82EA-E9A4C6B4EBB3}"
EndProject
Global
	GlobalSection(SolutionConfigurationPlatforms) = preSolution
		Debug|Any CPU = Debug|Any CPU
		Release|Any CPU = Release|Any CPU
	EndGlobalSection
	GlobalSection(ProjectConfigurationPlatforms) = postSolution
		{B490B3A0-12D2-407C-96F4-217FFB51D23E}.Debug|Any CPU.ActiveCfg = Debug|Any CPU
		{B490B3A0-12D2-407C-96F4-217FFB51D23E}.Debug|Any CPU.Build.0 = Debug|Any CPU
		{B490B3A0-12D2-407C-96F4-217FFB51D23E}.Release|Any CPU.ActiveCfg = Release|Any CPU
		{B490B3A0-12D2-407C-96F4-217FFB51D23E}.Release|Any CPU.Build.0 = Release|Any CPU
		{B86872E3-3B08-489D-8AA3-1A4D04305609}.Debug|Any CPU.ActiveCfg = Debug|Any CPU
		{B86872E3-3B08-489D-8AA3-1A4D04305609}.Debug|Any CPU.Build.0 = Debug|Any CPU
		{B86872E3-3B08-489D-8AA3-1A4D04305609}.Release|Any CPU.ActiveCfg = Release|Any CPU
		{B86872E3-3B08-489D-8AA3-1A4D04305609}.Release|Any CPU.Build.0 = Release|Any CPU
		{409396C0-FC0A-4EE0-82EA-E9A4C6B4EBB3}.Debug|Any CPU.ActiveCfg = Debug|Any CPU
		{409396C0-FC0A-4EE0-82EA-E9A4C6B4EBB3}.Release|Any CPU.ActiveCfg = Release|Any CPU
		{409396C0-FC0A-4EE0-82EA-E9A4C6B4EBB3}.Release|Any CPU.Build.0 = Release|Any CPU
	EndGlobalSection
	GlobalSection(SolutionProperties) = preSolution
		HideSolutionNode = FALSE
	EndGlobalSection
	GlobalSection(ExtensibilityGlobals) = postSolution
		SolutionGuid = {406F9811-3FFC-4B19-9D1F-EC7634615259}
	EndGlobalSection
EndGlobal
